
Microsoft Visual Studio Solution File, Format Version 12.00
# Visual Studio Version 17
VisualStudioVersion = 17.13.35825.156
MinimumVisualStudioVersion = 10.0.40219.1
Project("{FAE04EC0-301F-11D3-BF4B-00C04F79EFBC}") = "IntelTaskUCR.Domain", "IntelTaskUCR.Domain\IntelTaskUCR.Domain.csproj", "{65DFFCDF-4DDC-456B-B929-34DC445B7F75}"
EndProject
Project("{FAE04EC0-301F-11D3-BF4B-00C04F79EFBC}") = "IntelTaskUCR.Infrastructure", "IntelTaskUCRInfrastructure\IntelTaskUCR.Infrastructure.csproj", "{20881F78-BC83-46BF-8AAB-A7B70C61B6DF}"
	ProjectSection(ProjectDependencies) = postProject
		{65DFFCDF-4DDC-456B-B929-34DC445B7F75} = {65DFFCDF-4DDC-456B-B929-34DC445B7F75}
	EndProjectSection
EndProject
Project("{FAE04EC0-301F-11D3-BF4B-00C04F79EFBC}") = "IntelTaskUCR.API", "IntelTaskUCR.API\IntelTaskUCR.API.csproj", "{A687B2F8-91A3-4A98-8AF6-D5A4B2295886}"
EndProject
Project("{2150E333-8FDC-42A3-9474-1A3956D46DE8}") = "Elementos de la solución", "Elementos de la solución", "{D107F4C8-89CC-BEA8-D3D7-CA6B7733353D}"
	ProjectSection(SolutionItems) = preProject
		.gitignore = .gitignore
	EndProjectSection
EndProject
Global
	GlobalSection(SolutionConfigurationPlatforms) = preSolution
		Debug|Any CPU = Debug|Any CPU
		Release|Any CPU = Release|Any CPU
	EndGlobalSection
	GlobalSection(ProjectConfigurationPlatforms) = postSolution
		{65DFFCDF-4DDC-456B-B929-34DC445B7F75}.Debug|Any CPU.ActiveCfg = Debug|Any CPU
		{65DFFCDF-4DDC-456B-B929-34DC445B7F75}.Debug|Any CPU.Build.0 = Debug|Any CPU
		{65DFFCDF-4DDC-456B-B929-34DC445B7F75}.Release|Any CPU.ActiveCfg = Release|Any CPU
		{65DFFCDF-4DDC-456B-B929-34DC445B7F75}.Release|Any CPU.Build.0 = Release|Any CPU
		{20881F78-BC83-46BF-8AAB-A7B70C61B6DF}.Debug|Any CPU.ActiveCfg = Debug|Any CPU
		{20881F78-BC83-46BF-8AAB-A7B70C61B6DF}.Debug|Any CPU.Build.0 = Debug|Any CPU
		{20881F78-BC83-46BF-8AAB-A7B70C61B6DF}.Release|Any CPU.ActiveCfg = Release|Any CPU
		{20881F78-BC83-46BF-8AAB-A7B70C61B6DF}.Release|Any CPU.Build.0 = Release|Any CPU
		{A687B2F8-91A3-4A98-8AF6-D5A4B2295886}.Debug|Any CPU.ActiveCfg = Debug|Any CPU
		{A687B2F8-91A3-4A98-8AF6-D5A4B2295886}.Debug|Any CPU.Build.0 = Debug|Any CPU
		{A687B2F8-91A3-4A98-8AF6-D5A4B2295886}.Release|Any CPU.ActiveCfg = Release|Any CPU
		{A687B2F8-91A3-4A98-8AF6-D5A4B2295886}.Release|Any CPU.Build.0 = Release|Any CPU
	EndGlobalSection
	GlobalSection(SolutionProperties) = preSolution
		HideSolutionNode = FALSE
	EndGlobalSection
	GlobalSection(ExtensibilityGlobals) = postSolution
		SolutionGuid = {AE99DF2C-858E-4290-B515-D4352EB8E4B2}
	EndGlobalSection
EndGlobal
